// !$*UTF8*$!
{
	archiveVersion = 1;
	classes = {
	};
	objectVersion = 46;
	objects = {

/* Begin PBXBuildFile section */
		415640AE1A3F9C06006488A0 /* AppDelegate.swift in Sources */ = {isa = PBXBuildFile; fileRef = 415640AD1A3F9C06006488A0 /* AppDelegate.swift */; };
		415640B51A3F9C06006488A0 /* Main.storyboard in Resources */ = {isa = PBXBuildFile; fileRef = 415640B31A3F9C06006488A0 /* Main.storyboard */; };
		415640B71A3F9C06006488A0 /* Images.xcassets in Resources */ = {isa = PBXBuildFile; fileRef = 415640B61A3F9C06006488A0 /* Images.xcassets */; };
		415640BA1A3F9C06006488A0 /* LaunchScreen.xib in Resources */ = {isa = PBXBuildFile; fileRef = 415640B81A3F9C06006488A0 /* LaunchScreen.xib */; };
		415640C61A3F9C06006488A0 /* archerswiftTests.swift in Sources */ = {isa = PBXBuildFile; fileRef = 415640C51A3F9C06006488A0 /* archerswiftTests.swift */; };
		415640D21A3F9D7E006488A0 /* MembersController.swift in Sources */ = {isa = PBXBuildFile; fileRef = 415640D11A3F9D7E006488A0 /* MembersController.swift */; };
		415640D41A3F9DE0006488A0 /* Member.swift in Sources */ = {isa = PBXBuildFile; fileRef = 415640D31A3F9DE0006488A0 /* Member.swift */; };
		415640D61A3FCD5D006488A0 /* MemberAddController.swift in Sources */ = {isa = PBXBuildFile; fileRef = 415640D51A3FCD5D006488A0 /* MemberAddController.swift */; };
		4163CF741A40919500F94D4A /* Firebase.framework in Frameworks */ = {isa = PBXBuildFile; fileRef = 4163CF731A40919500F94D4A /* Firebase.framework */; };
		4163CF761A4091A600F94D4A /* Security.framework in Frameworks */ = {isa = PBXBuildFile; fileRef = 4163CF751A4091A600F94D4A /* Security.framework */; };
		4163CF781A4091AE00F94D4A /* SystemConfiguration.framework in Frameworks */ = {isa = PBXBuildFile; fileRef = 4163CF771A4091AE00F94D4A /* SystemConfiguration.framework */; };
		4163CF7A1A4091B500F94D4A /* CFNetwork.framework in Frameworks */ = {isa = PBXBuildFile; fileRef = 4163CF791A4091B500F94D4A /* CFNetwork.framework */; };
		4163CF7C1A4091C000F94D4A /* libc++.dylib in Frameworks */ = {isa = PBXBuildFile; fileRef = 4163CF7B1A4091C000F94D4A /* libc++.dylib */; };
		4163CF7E1A4091E600F94D4A /* libicucore.dylib in Frameworks */ = {isa = PBXBuildFile; fileRef = 4163CF7D1A4091E600F94D4A /* libicucore.dylib */; };
/* End PBXBuildFile section */

/* Begin PBXContainerItemProxy section */
		415640C01A3F9C06006488A0 /* PBXContainerItemProxy */ = {
			isa = PBXContainerItemProxy;
			containerPortal = 415640A01A3F9C06006488A0 /* Project object */;
			proxyType = 1;
			remoteGlobalIDString = 415640A71A3F9C06006488A0;
			remoteInfo = archerswift;
		};
/* End PBXContainerItemProxy section */

/* Begin PBXFileReference section */
		415640A81A3F9C06006488A0 /* archerswift.app */ = {isa = PBXFileReference; explicitFileType = wrapper.application; includeInIndex = 0; path = archerswift.app; sourceTree = BUILT_PRODUCTS_DIR; };
		415640AC1A3F9C06006488A0 /* Info.plist */ = {isa = PBXFileReference; lastKnownFileType = text.plist.xml; name = Info.plist; path = archerswift/Info.plist; sourceTree = "<group>"; };
		415640AD1A3F9C06006488A0 /* AppDelegate.swift */ = {isa = PBXFileReference; lastKnownFileType = sourcecode.swift; path = AppDelegate.swift; sourceTree = "<group>"; };
		415640B41A3F9C06006488A0 /* Base */ = {isa = PBXFileReference; lastKnownFileType = file.storyboard; name = Base; path = Base.lproj/Main.storyboard; sourceTree = "<group>"; };
		415640B61A3F9C06006488A0 /* Images.xcassets */ = {isa = PBXFileReference; lastKnownFileType = folder.assetcatalog; name = Images.xcassets; path = archerswift/Images.xcassets; sourceTree = "<group>"; };
		415640B91A3F9C06006488A0 /* Base */ = {isa = PBXFileReference; lastKnownFileType = file.xib; name = Base; path = Base.lproj/LaunchScreen.xib; sourceTree = "<group>"; };
		415640BF1A3F9C06006488A0 /* archerswiftTests.xctest */ = {isa = PBXFileReference; explicitFileType = wrapper.cfbundle; includeInIndex = 0; path = archerswiftTests.xctest; sourceTree = BUILT_PRODUCTS_DIR; };
		415640C41A3F9C06006488A0 /* Info.plist */ = {isa = PBXFileReference; lastKnownFileType = text.plist.xml; path = Info.plist; sourceTree = "<group>"; };
		415640C51A3F9C06006488A0 /* archerswiftTests.swift */ = {isa = PBXFileReference; lastKnownFileType = sourcecode.swift; path = archerswiftTests.swift; sourceTree = "<group>"; };
		415640D11A3F9D7E006488A0 /* MembersController.swift */ = {isa = PBXFileReference; fileEncoding = 4; lastKnownFileType = sourcecode.swift; path = MembersController.swift; sourceTree = "<group>"; };
		415640D31A3F9DE0006488A0 /* Member.swift */ = {isa = PBXFileReference; fileEncoding = 4; lastKnownFileType = sourcecode.swift; name = Member.swift; path = archerswift/Member.swift; sourceTree = "<group>"; };
		415640D51A3FCD5D006488A0 /* MemberAddController.swift */ = {isa = PBXFileReference; fileEncoding = 4; lastKnownFileType = sourcecode.swift; path = MemberAddController.swift; sourceTree = "<group>"; };
		4163CF731A40919500F94D4A /* Firebase.framework */ = {isa = PBXFileReference; lastKnownFileType = wrapper.framework; path = Firebase.framework; sourceTree = "<group>"; };
		4163CF751A4091A600F94D4A /* Security.framework */ = {isa = PBXFileReference; lastKnownFileType = wrapper.framework; name = Security.framework; path = System/Library/Frameworks/Security.framework; sourceTree = SDKROOT; };
		4163CF771A4091AE00F94D4A /* SystemConfiguration.framework */ = {isa = PBXFileReference; lastKnownFileType = wrapper.framework; name = SystemConfiguration.framework; path = System/Library/Frameworks/SystemConfiguration.framework; sourceTree = SDKROOT; };
		4163CF791A4091B500F94D4A /* CFNetwork.framework */ = {isa = PBXFileReference; lastKnownFileType = wrapper.framework; name = CFNetwork.framework; path = System/Library/Frameworks/CFNetwork.framework; sourceTree = SDKROOT; };
		4163CF7B1A4091C000F94D4A /* libc++.dylib */ = {isa = PBXFileReference; lastKnownFileType = "compiled.mach-o.dylib"; name = "libc++.dylib"; path = "usr/lib/libc++.dylib"; sourceTree = SDKROOT; };
		4163CF7D1A4091E600F94D4A /* libicucore.dylib */ = {isa = PBXFileReference; lastKnownFileType = "compiled.mach-o.dylib"; name = libicucore.dylib; path = usr/lib/libicucore.dylib; sourceTree = SDKROOT; };
		4163CF7F1A40929800F94D4A /* archerswift-Bridging-Header.h */ = {isa = PBXFileReference; lastKnownFileType = sourcecode.c.h; path = "archerswift-Bridging-Header.h"; sourceTree = SOURCE_ROOT; };
/* End PBXFileReference section */

/* Begin PBXFrameworksBuildPhase section */
		415640A51A3F9C06006488A0 /* Frameworks */ = {
			isa = PBXFrameworksBuildPhase;
			buildActionMask = 2147483647;
			files = (
				4163CF7E1A4091E600F94D4A /* libicucore.dylib in Frameworks */,
				4163CF7C1A4091C000F94D4A /* libc++.dylib in Frameworks */,
				4163CF7A1A4091B500F94D4A /* CFNetwork.framework in Frameworks */,
				4163CF781A4091AE00F94D4A /* SystemConfiguration.framework in Frameworks */,
				4163CF761A4091A600F94D4A /* Security.framework in Frameworks */,
				4163CF741A40919500F94D4A /* Firebase.framework in Frameworks */,
			);
			runOnlyForDeploymentPostprocessing = 0;
		};
		415640BC1A3F9C06006488A0 /* Frameworks */ = {
			isa = PBXFrameworksBuildPhase;
			buildActionMask = 2147483647;
			files = (
			);
			runOnlyForDeploymentPostprocessing = 0;
		};
/* End PBXFrameworksBuildPhase section */

/* Begin PBXGroup section */
		4156409F1A3F9C06006488A0 = {
			isa = PBXGroup;
			children = (
				415640AA1A3F9C06006488A0 /* App */,
				4163CF711A40906900F94D4A /* Model */,
				4163CF721A40907700F94D4A /* Controllers */,
				4163CF831A40930500F94D4A /* Support Files */,
				415640C21A3F9C06006488A0 /* archerswiftTests */,
				415640A91A3F9C06006488A0 /* Products */,
				4163CF821A4092E700F94D4A /* Frameworks */,
			);
			sourceTree = "<group>";
		};
		415640A91A3F9C06006488A0 /* Products */ = {
			isa = PBXGroup;
			children = (
				415640A81A3F9C06006488A0 /* archerswift.app */,
				415640BF1A3F9C06006488A0 /* archerswiftTests.xctest */,
			);
			name = Products;
			sourceTree = "<group>";
		};
		415640AA1A3F9C06006488A0 /* App */ = {
			isa = PBXGroup;
			children = (
				415640B31A3F9C06006488A0 /* Main.storyboard */,
				415640AD1A3F9C06006488A0 /* AppDelegate.swift */,
			);
			name = App;
			path = archerswift;
			sourceTree = "<group>";
		};
		415640C21A3F9C06006488A0 /* archerswiftTests */ = {
			isa = PBXGroup;
			children = (
				415640C51A3F9C06006488A0 /* archerswiftTests.swift */,
				415640C31A3F9C06006488A0 /* Supporting Files */,
			);
			path = archerswiftTests;
			sourceTree = "<group>";
		};
		415640C31A3F9C06006488A0 /* Supporting Files */ = {
			isa = PBXGroup;
			children = (
				415640C41A3F9C06006488A0 /* Info.plist */,
			);
			name = "Supporting Files";
			sourceTree = "<group>";
		};
		4163CF711A40906900F94D4A /* Model */ = {
			isa = PBXGroup;
			children = (
				415640D31A3F9DE0006488A0 /* Member.swift */,
			);
			name = Model;
			sourceTree = "<group>";
		};
		4163CF721A40907700F94D4A /* Controllers */ = {
			isa = PBXGroup;
			children = (
				415640D11A3F9D7E006488A0 /* MembersController.swift */,
				415640D51A3FCD5D006488A0 /* MemberAddController.swift */,
			);
			name = Controllers;
			sourceTree = "<group>";
		};
		4163CF821A4092E700F94D4A /* Frameworks */ = {
			isa = PBXGroup;
			children = (
				4163CF7D1A4091E600F94D4A /* libicucore.dylib */,
				4163CF7B1A4091C000F94D4A /* libc++.dylib */,
				4163CF791A4091B500F94D4A /* CFNetwork.framework */,
				4163CF771A4091AE00F94D4A /* SystemConfiguration.framework */,
				4163CF751A4091A600F94D4A /* Security.framework */,
				4163CF731A40919500F94D4A /* Firebase.framework */,
			);
			name = Frameworks;
			sourceTree = "<group>";
		};
		4163CF831A40930500F94D4A /* Support Files */ = {
			isa = PBXGroup;
			children = (
				415640B61A3F9C06006488A0 /* Images.xcassets */,
				415640B81A3F9C06006488A0 /* LaunchScreen.xib */,
				415640AC1A3F9C06006488A0 /* Info.plist */,
				4163CF7F1A40929800F94D4A /* archerswift-Bridging-Header.h */,
			);
			name = "Support Files";
			sourceTree = "<group>";
		};
/* End PBXGroup section */

/* Begin PBXNativeTarget section */
		415640A71A3F9C06006488A0 /* archerswift */ = {
			isa = PBXNativeTarget;
			buildConfigurationList = 415640C91A3F9C06006488A0 /* Build configuration list for PBXNativeTarget "archerswift" */;
			buildPhases = (
				415640A41A3F9C06006488A0 /* Sources */,
				415640A51A3F9C06006488A0 /* Frameworks */,
				415640A61A3F9C06006488A0 /* Resources */,
			);
			buildRules = (
			);
			dependencies = (
			);
			name = archerswift;
			productName = archerswift;
			productReference = 415640A81A3F9C06006488A0 /* archerswift.app */;
			productType = "com.apple.product-type.application";
		};
		415640BE1A3F9C06006488A0 /* archerswiftTests */ = {
			isa = PBXNativeTarget;
			buildConfigurationList = 415640CC1A3F9C06006488A0 /* Build configuration list for PBXNativeTarget "archerswiftTests" */;
			buildPhases = (
				415640BB1A3F9C06006488A0 /* Sources */,
				415640BC1A3F9C06006488A0 /* Frameworks */,
				415640BD1A3F9C06006488A0 /* Resources */,
			);
			buildRules = (
			);
			dependencies = (
				415640C11A3F9C06006488A0 /* PBXTargetDependency */,
			);
			name = archerswiftTests;
			productName = archerswiftTests;
			productReference = 415640BF1A3F9C06006488A0 /* archerswiftTests.xctest */;
			productType = "com.apple.product-type.bundle.unit-test";
		};
/* End PBXNativeTarget section */

/* Begin PBXProject section */
		415640A01A3F9C06006488A0 /* Project object */ = {
			isa = PBXProject;
			attributes = {
				LastUpgradeCheck = 0610;
				ORGANIZATIONNAME = "Al Ricotta";
				TargetAttributes = {
					415640A71A3F9C06006488A0 = {
						CreatedOnToolsVersion = 6.1.1;
					};
					415640BE1A3F9C06006488A0 = {
						CreatedOnToolsVersion = 6.1.1;
						TestTargetID = 415640A71A3F9C06006488A0;
					};
				};
			};
			buildConfigurationList = 415640A31A3F9C06006488A0 /* Build configuration list for PBXProject "archerswift" */;
			compatibilityVersion = "Xcode 3.2";
			developmentRegion = English;
			hasScannedForEncodings = 0;
			knownRegions = (
				en,
				Base,
			);
			mainGroup = 4156409F1A3F9C06006488A0;
			productRefGroup = 415640A91A3F9C06006488A0 /* Products */;
			projectDirPath = "";
			projectRoot = "";
			targets = (
				415640A71A3F9C06006488A0 /* archerswift */,
				415640BE1A3F9C06006488A0 /* archerswiftTests */,
			);
		};
/* End PBXProject section */

/* Begin PBXResourcesBuildPhase section */
		415640A61A3F9C06006488A0 /* Resources */ = {
			isa = PBXResourcesBuildPhase;
			buildActionMask = 2147483647;
			files = (
				415640B51A3F9C06006488A0 /* Main.storyboard in Resources */,
				415640BA1A3F9C06006488A0 /* LaunchScreen.xib in Resources */,
				415640B71A3F9C06006488A0 /* Images.xcassets in Resources */,
			);
			runOnlyForDeploymentPostprocessing = 0;
		};
		415640BD1A3F9C06006488A0 /* Resources */ = {
			isa = PBXResourcesBuildPhase;
			buildActionMask = 2147483647;
			files = (
			);
			runOnlyForDeploymentPostprocessing = 0;
		};
/* End PBXResourcesBuildPhase section */

/* Begin PBXSourcesBuildPhase section */
		415640A41A3F9C06006488A0 /* Sources */ = {
			isa = PBXSourcesBuildPhase;
			buildActionMask = 2147483647;
			files = (
				415640AE1A3F9C06006488A0 /* AppDelegate.swift in Sources */,
				415640D61A3FCD5D006488A0 /* MemberAddController.swift in Sources */,
				415640D41A3F9DE0006488A0 /* Member.swift in Sources */,
				415640D21A3F9D7E006488A0 /* MembersController.swift in Sources */,
			);
			runOnlyForDeploymentPostprocessing = 0;
		};
		415640BB1A3F9C06006488A0 /* Sources */ = {
			isa = PBXSourcesBuildPhase;
			buildActionMask = 2147483647;
			files = (
				415640C61A3F9C06006488A0 /* archerswiftTests.swift in Sources */,
			);
			runOnlyForDeploymentPostprocessing = 0;
		};
/* End PBXSourcesBuildPhase section */

/* Begin PBXTargetDependency section */
		415640C11A3F9C06006488A0 /* PBXTargetDependency */ = {
			isa = PBXTargetDependency;
			target = 415640A71A3F9C06006488A0 /* archerswift */;
			targetProxy = 415640C01A3F9C06006488A0 /* PBXContainerItemProxy */;
		};
/* End PBXTargetDependency section */

/* Begin PBXVariantGroup section */
		415640B31A3F9C06006488A0 /* Main.storyboard */ = {
			isa = PBXVariantGroup;
			children = (
				415640B41A3F9C06006488A0 /* Base */,
			);
			name = Main.storyboard;
			sourceTree = "<group>";
		};
		415640B81A3F9C06006488A0 /* LaunchScreen.xib */ = {
			isa = PBXVariantGroup;
			children = (
				415640B91A3F9C06006488A0 /* Base */,
			);
			name = LaunchScreen.xib;
			path = archerswift;
			sourceTree = "<group>";
		};
/* End PBXVariantGroup section */

/* Begin XCBuildConfiguration section */
		415640C71A3F9C06006488A0 /* Debug */ = {
			isa = XCBuildConfiguration;
			buildSettings = {
				ALWAYS_SEARCH_USER_PATHS = NO;
				CLANG_CXX_LANGUAGE_STANDARD = "gnu++0x";
				CLANG_CXX_LIBRARY = "libc++";
				CLANG_ENABLE_MODULES = YES;
				CLANG_ENABLE_OBJC_ARC = YES;
				CLANG_WARN_BOOL_CONVERSION = YES;
				CLANG_WARN_CONSTANT_CONVERSION = YES;
				CLANG_WARN_DIRECT_OBJC_ISA_USAGE = YES_ERROR;
				CLANG_WARN_EMPTY_BODY = YES;
				CLANG_WARN_ENUM_CONVERSION = YES;
				CLANG_WARN_INT_CONVERSION = YES;
				CLANG_WARN_OBJC_ROOT_CLASS = YES_ERROR;
				CLANG_WARN_UNREACHABLE_CODE = YES;
				CLANG_WARN__DUPLICATE_METHOD_MATCH = YES;
				"CODE_SIGN_IDENTITY[sdk=iphoneos*]" = "iPhone Developer";
				COPY_PHASE_STRIP = NO;
				ENABLE_STRICT_OBJC_MSGSEND = YES;
				GCC_C_LANGUAGE_STANDARD = gnu99;
				GCC_DYNAMIC_NO_PIC = NO;
				GCC_OPTIMIZATION_LEVEL = 0;
				GCC_PREPROCESSOR_DEFINITIONS = (
					"DEBUG=1",
					"$(inherited)",
				);
				GCC_SYMBOLS_PRIVATE_EXTERN = NO;
				GCC_WARN_64_TO_32_BIT_CONVERSION = YES;
				GCC_WARN_ABOUT_RETURN_TYPE = YES_ERROR;
				GCC_WARN_UNDECLARED_SELECTOR = YES;
				GCC_WARN_UNINITIALIZED_AUTOS = YES_AGGRESSIVE;
				GCC_WARN_UNUSED_FUNCTION = YES;
				GCC_WARN_UNUSED_VARIABLE = YES;
				IPHONEOS_DEPLOYMENT_TARGET = 8.1;
				MTL_ENABLE_DEBUG_INFO = YES;
				ONLY_ACTIVE_ARCH = YES;
				SDKROOT = iphoneos;
				SWIFT_OPTIMIZATION_LEVEL = "-Onone";
			};
			name = Debug;
		};
		415640C81A3F9C06006488A0 /* Release */ = {
			isa = XCBuildConfiguration;
			buildSettings = {
				ALWAYS_SEARCH_USER_PATHS = NO;
				CLANG_CXX_LANGUAGE_STANDARD = "gnu++0x";
				CLANG_CXX_LIBRARY = "libc++";
				CLANG_ENABLE_MODULES = YES;
				CLANG_ENABLE_OBJC_ARC = YES;
				CLANG_WARN_BOOL_CONVERSION = YES;
				CLANG_WARN_CONSTANT_CONVERSION = YES;
				CLANG_WARN_DIRECT_OBJC_ISA_USAGE = YES_ERROR;
				CLANG_WARN_EMPTY_BODY = YES;
				CLANG_WARN_ENUM_CONVERSION = YES;
				CLANG_WARN_INT_CONVERSION = YES;
				CLANG_WARN_OBJC_ROOT_CLASS = YES_ERROR;
				CLANG_WARN_UNREACHABLE_CODE = YES;
				CLANG_WARN__DUPLICATE_METHOD_MATCH = YES;
				"CODE_SIGN_IDENTITY[sdk=iphoneos*]" = "iPhone Developer";
				COPY_PHASE_STRIP = YES;
				ENABLE_NS_ASSERTIONS = NO;
				ENABLE_STRICT_OBJC_MSGSEND = YES;
				GCC_C_LANGUAGE_STANDARD = gnu99;
				GCC_WARN_64_TO_32_BIT_CONVERSION = YES;
				GCC_WARN_ABOUT_RETURN_TYPE = YES_ERROR;
				GCC_WARN_UNDECLARED_SELECTOR = YES;
				GCC_WARN_UNINITIALIZED_AUTOS = YES_AGGRESSIVE;
				GCC_WARN_UNUSED_FUNCTION = YES;
				GCC_WARN_UNUSED_VARIABLE = YES;
				IPHONEOS_DEPLOYMENT_TARGET = 8.1;
				MTL_ENABLE_DEBUG_INFO = NO;
				SDKROOT = iphoneos;
				VALIDATE_PRODUCT = YES;
			};
			name = Release;
		};
		415640CA1A3F9C06006488A0 /* Debug */ = {
			isa = XCBuildConfiguration;
			buildSettings = {
				ASSETCATALOG_COMPILER_APPICON_NAME = AppIcon;
				CLANG_ENABLE_MODULES = YES;
				FRAMEWORK_SEARCH_PATHS = (
					"$(inherited)",
					"$(PROJECT_DIR)",
				);
				INFOPLIST_FILE = archerswift/Info.plist;
				LD_RUNPATH_SEARCH_PATHS = "$(inherited) @executable_path/Frameworks";
				"OTHER_LDFLAGS[arch=*]" = "-ObjC";
				PRODUCT_NAME = "$(TARGET_NAME)";
				SWIFT_OBJC_BRIDGING_HEADER = "archerswift-Bridging-Header.h";
				SWIFT_OPTIMIZATION_LEVEL = "-Onone";
			};
			name = Debug;
		};
		415640CB1A3F9C06006488A0 /* Release */ = {
			isa = XCBuildConfiguration;
			buildSettings = {
				ASSETCATALOG_COMPILER_APPICON_NAME = AppIcon;
				CLANG_ENABLE_MODULES = YES;
				FRAMEWORK_SEARCH_PATHS = (
					"$(inherited)",
					"$(PROJECT_DIR)",
				);
				INFOPLIST_FILE = archerswift/Info.plist;
				LD_RUNPATH_SEARCH_PATHS = "$(inherited) @executable_path/Frameworks";
				"OTHER_LDFLAGS[arch=*]" = "-ObjC";
				PRODUCT_NAME = "$(TARGET_NAME)";
				SWIFT_OBJC_BRIDGING_HEADER = "archerswift-Bridging-Header.h";
			};
			name = Release;
		};
		415640CD1A3F9C06006488A0 /* Debug */ = {
			isa = XCBuildConfiguration;
			buildSettings = {
				BUNDLE_LOADER = "$(TEST_HOST)";
				FRAMEWORK_SEARCH_PATHS = (
					"$(SDKROOT)/Developer/Library/Frameworks",
					"$(inherited)",
				);
				GCC_PREPROCESSOR_DEFINITIONS = (
					"DEBUG=1",
					"$(inherited)",
				);
				INFOPLIST_FILE = archerswiftTests/Info.plist;
				LD_RUNPATH_SEARCH_PATHS = "$(inherited) @executable_path/Frameworks @loader_path/Frameworks";
				PRODUCT_NAME = "$(TARGET_NAME)";
				TEST_HOST = "$(BUILT_PRODUCTS_DIR)/archerswift.app/archerswift";
			};
			name = Debug;
		};
		415640CE1A3F9C06006488A0 /* Release */ = {
			isa = XCBuildConfiguration;
			buildSettings = {
				BUNDLE_LOADER = "$(TEST_HOST)";
				FRAMEWORK_SEARCH_PATHS = (
					"$(SDKROOT)/Developer/Library/Frameworks",
					"$(inherited)",
				);
				INFOPLIST_FILE = archerswiftTests/Info.plist;
				LD_RUNPATH_SEARCH_PATHS = "$(inherited) @executable_path/Frameworks @loader_path/Frameworks";
				PRODUCT_NAME = "$(TARGET_NAME)";
				TEST_HOST = "$(BUILT_PRODUCTS_DIR)/archerswift.app/archerswift";
			};
			name = Release;
		};
/* End XCBuildConfiguration section */

/* Begin XCConfigurationList section */
		415640A31A3F9C06006488A0 /* Build configuration list for PBXProject "archerswift" */ = {
			isa = XCConfigurationList;
			buildConfigurations = (
				415640C71A3F9C06006488A0 /* Debug */,
				415640C81A3F9C06006488A0 /* Release */,
			);
			defaultConfigurationIsVisible = 0;
			defaultConfigurationName = Release;
		};
		415640C91A3F9C06006488A0 /* Build configuration list for PBXNativeTarget "archerswift" */ = {
			isa = XCConfigurationList;
			buildConfigurations = (
				415640CA1A3F9C06006488A0 /* Debug */,
				415640CB1A3F9C06006488A0 /* Release */,
			);
			defaultConfigurationIsVisible = 0;
			defaultConfigurationName = Release;
		};
		415640CC1A3F9C06006488A0 /* Build configuration list for PBXNativeTarget "archerswiftTests" */ = {
			isa = XCConfigurationList;
			buildConfigurations = (
				415640CD1A3F9C06006488A0 /* Debug */,
				415640CE1A3F9C06006488A0 /* Release */,
			);
			defaultConfigurationIsVisible = 0;
			defaultConfigurationName = Release;
		};
/* End XCConfigurationList section */
	};
	rootObject = 415640A01A3F9C06006488A0 /* Project object */;
}
